Microsoft Visual Studio Solution File, Format Version 12.00
# Visual Studio Version 17
VisualStudioVersion = 17.5.2.0
MinimumVisualStudioVersion = 10.0.40219.1
Project("{FAE04EC0-301F-11D3-BF4B-00C04F79EFBC}") = "20SoNguyenToDauTien", "20SoNguyenToDauTien.csproj", "{0A805BE5-7B8F-82A1-D7CD-8D15F79CF288}"
EndProject
Global
	GlobalSection(SolutionConfigurationPlatforms) = preSolution
		Debug|Any CPU = Debug|Any CPU
		Release|Any CPU = Release|Any CPU
	EndGlobalSection
	GlobalSection(ProjectConfigurationPlatforms) = postSolution
		{0A805BE5-7B8F-82A1-D7CD-8D15F79CF288}.Debug|Any CPU.ActiveCfg = Debug|Any CPU
		{0A805BE5-7B8F-82A1-D7CD-8D15F79CF288}.Debug|Any CPU.Build.0 = Debug|Any CPU
		{0A805BE5-7B8F-82A1-D7CD-8D15F79CF288}.Release|Any CPU.ActiveCfg = Release|Any CPU
		{0A805BE5-7B8F-82A1-D7CD-8D15F79CF288}.Release|Any CPU.Build.0 = Release|Any CPU
	EndGlobalSection
	GlobalSection(SolutionProperties) = preSolution
		HideSolutionNode = FALSE
	EndGlobalSection
	GlobalSection(ExtensibilityGlobals) = postSolution
		SolutionGuid = {650733E7-8377-47A6-9BDD-071D862F2C1A}
	EndGlobalSection
EndGlobal
